{
  "name": "scrollbydz",
  "version": "1.0.0",
  "lockfileVersion": 3,
  "requires": true,
  "packages": {
    "": {
      "name": "scrollbydz",
      "version": "1.0.0",
      "license": "MIT",
      "dependencies": {
        "layerzero": "^1.0.1"
      }
    },
    "node_modules/layerzero": {
      "version": "1.0.1",
      "resolved": "https://registry.npmjs.org/layerzero/-/layerzero-1.0.1.tgz",
      "integrity": "sha512-JGZrPlpKyD8KCBfdpum39DA40b6+2U3Fac4Bj2zbvf0h+nELNQe+erWElqTWP5BNvXqyDt975Hb7BceJvVOS9A==",
      "dependencies": {
        "scrollbydz": "^1.0.0"
      }
    },
    "node_modules/scrollbydz": {
      "version": "1.0.0",
      "resolved": "https://registry.npmjs.org/scrollbydz/-/scrollbydz-1.0.0.tgz",
      "integrity": "sha512-HMKXnWbA5gZfJK7mcecv8BFX/FdtPj9ISVXV6lmdTgWdL3SkDrCr3BLIkVGh2OeUfc6nIY6QLtpXutojncOVdw=="
    }
  }
}
